
Microsoft Visual Studio Solution File, Format Version 12.00
# Visual Studio Version 16
VisualStudioVersion = 16.0.31829.152
MinimumVisualStudioVersion = 10.0.40219.1
Project("{FAE04EC0-301F-11D3-BF4B-00C04F79EFBC}") = "PianoSheet", "PianoSheet\PianoSheet.csproj", "{598E5618-9AF5-41E9-974E-6805D8E35297}"
EndProject
Global
	GlobalSection(SolutionConfigurationPlatforms) = preSolution
		Debug|Any CPU = Debug|Any CPU
		Release|Any CPU = Release|Any CPU
	EndGlobalSection
	GlobalSection(ProjectConfigurationPlatforms) = postSolution
		{598E5618-9AF5-41E9-974E-6805D8E35297}.Debug|Any CPU.ActiveCfg = Debug|Any CPU
		{598E5618-9AF5-41E9-974E-6805D8E35297}.Debug|Any CPU.Build.0 = Debug|Any CPU
		{598E5618-9AF5-41E9-974E-6805D8E35297}.Release|Any CPU.ActiveCfg = Release|Any CPU
		{598E5618-9AF5-41E9-974E-6805D8E35297}.Release|Any CPU.Build.0 = Release|Any CPU
	EndGlobalSection
	GlobalSection(SolutionProperties) = preSolution
		HideSolutionNode = FALSE
	EndGlobalSection
	GlobalSection(ExtensibilityGlobals) = postSolution
		SolutionGuid = {5F83FFF8-D64C-4444-8C67-A934B3B590D3}
	EndGlobalSection
EndGlobal
